// !$*UTF8*$!
{
	archiveVersion = 1;
	classes = {
	};
	objectVersion = 50;
	objects = {

/* Begin PBXBuildFile section */
		0B3907EA20A31AF600F0D740 /* Product.swift in Sources */ = {isa = PBXBuildFile; fileRef = 0B3907E920A31AF600F0D740 /* Product.swift */; };
		0B3907EC20A31FDA00F0D740 /* ProductsVC.swift in Sources */ = {isa = PBXBuildFile; fileRef = 0B3907EB20A31FDA00F0D740 /* ProductsVC.swift */; };
		0B3E11F020A1FFFB00C68629 /* ProductCell.swift in Sources */ = {isa = PBXBuildFile; fileRef = 0B3E11EF20A1FFFB00C68629 /* ProductCell.swift */; };
		0BB62322209A3287000374D2 /* AppDelegate.swift in Sources */ = {isa = PBXBuildFile; fileRef = 0BB62321209A3287000374D2 /* AppDelegate.swift */; };
		0BB62324209A3287000374D2 /* CategoriesVC.swift in Sources */ = {isa = PBXBuildFile; fileRef = 0BB62323209A3287000374D2 /* CategoriesVC.swift */; };
		0BB62327209A3287000374D2 /* Main.storyboard in Resources */ = {isa = PBXBuildFile; fileRef = 0BB62325209A3287000374D2 /* Main.storyboard */; };
		0BB62329209A3289000374D2 /* Assets.xcassets in Resources */ = {isa = PBXBuildFile; fileRef = 0BB62328209A3289000374D2 /* Assets.xcassets */; };
		0BB6232C209A3289000374D2 /* LaunchScreen.storyboard in Resources */ = {isa = PBXBuildFile; fileRef = 0BB6232A209A3289000374D2 /* LaunchScreen.storyboard */; };
		0BB62337209A3865000374D2 /* CategoryCell.swift in Sources */ = {isa = PBXBuildFile; fileRef = 0BB62336209A3865000374D2 /* CategoryCell.swift */; };
		0BB62339209B65F0000374D2 /* Category.swift in Sources */ = {isa = PBXBuildFile; fileRef = 0BB62338209B65F0000374D2 /* Category.swift */; };
		0BB6233C209B66FA000374D2 /* DataService.swift in Sources */ = {isa = PBXBuildFile; fileRef = 0BB6233B209B66FA000374D2 /* DataService.swift */; };
/* End PBXBuildFile section */

/* Begin PBXFileReference section */
		0B3907E920A31AF600F0D740 /* Product.swift */ = {isa = PBXFileReference; lastKnownFileType = sourcecode.swift; path = Product.swift; sourceTree = "<group>"; };
		0B3907EB20A31FDA00F0D740 /* ProductsVC.swift */ = {isa = PBXFileReference; lastKnownFileType = sourcecode.swift; path = ProductsVC.swift; sourceTree = "<group>"; };
		0B3E11EF20A1FFFB00C68629 /* ProductCell.swift */ = {isa = PBXFileReference; lastKnownFileType = sourcecode.swift; path = ProductCell.swift; sourceTree = "<group>"; };
		0BB6231E209A3287000374D2 /* coder-swag.app */ = {isa = PBXFileReference; explicitFileType = wrapper.application; includeInIndex = 0; path = "coder-swag.app"; sourceTree = BUILT_PRODUCTS_DIR; };
		0BB62321209A3287000374D2 /* AppDelegate.swift */ = {isa = PBXFileReference; lastKnownFileType = sourcecode.swift; path = AppDelegate.swift; sourceTree = "<group>"; };
		0BB62323209A3287000374D2 /* CategoriesVC.swift */ = {isa = PBXFileReference; lastKnownFileType = sourcecode.swift; path = CategoriesVC.swift; sourceTree = "<group>"; };
		0BB62326209A3287000374D2 /* Base */ = {isa = PBXFileReference; lastKnownFileType = file.storyboard; name = Base; path = Base.lproj/Main.storyboard; sourceTree = "<group>"; };
		0BB62328209A3289000374D2 /* Assets.xcassets */ = {isa = PBXFileReference; lastKnownFileType = folder.assetcatalog; path = Assets.xcassets; sourceTree = "<group>"; };
		0BB6232B209A3289000374D2 /* Base */ = {isa = PBXFileReference; lastKnownFileType = file.storyboard; name = Base; path = Base.lproj/LaunchScreen.storyboard; sourceTree = "<group>"; };
		0BB6232D209A3289000374D2 /* Info.plist */ = {isa = PBXFileReference; lastKnownFileType = text.plist.xml; path = Info.plist; sourceTree = "<group>"; };
		0BB62336209A3865000374D2 /* CategoryCell.swift */ = {isa = PBXFileReference; lastKnownFileType = sourcecode.swift; path = CategoryCell.swift; sourceTree = "<group>"; };
		0BB62338209B65F0000374D2 /* Category.swift */ = {isa = PBXFileReference; lastKnownFileType = sourcecode.swift; path = Category.swift; sourceTree = "<group>"; };
		0BB6233B209B66FA000374D2 /* DataService.swift */ = {isa = PBXFileReference; lastKnownFileType = sourcecode.swift; path = DataService.swift; sourceTree = "<group>"; };
/* End PBXFileReference section */

/* Begin PBXFrameworksBuildPhase section */
		0BB6231B209A3287000374D2 /* Frameworks */ = {
			isa = PBXFrameworksBuildPhase;
			buildActionMask = 2147483647;
			files = (
			);
			runOnlyForDeploymentPostprocessing = 0;
		};
/* End PBXFrameworksBuildPhase section */

/* Begin PBXGroup section */
		0BB62315209A3287000374D2 = {
			isa = PBXGroup;
			children = (
				0BB62320209A3287000374D2 /* coder-swag */,
				0BB6231F209A3287000374D2 /* Products */,
			);
			sourceTree = "<group>";
		};
		0BB6231F209A3287000374D2 /* Products */ = {
			isa = PBXGroup;
			children = (
				0BB6231E209A3287000374D2 /* coder-swag.app */,
			);
			name = Products;
			sourceTree = "<group>";
		};
		0BB62320209A3287000374D2 /* coder-swag */ = {
			isa = PBXGroup;
			children = (
				0BB6233A209B66E8000374D2 /* Services */,
				0BB62335209A37F0000374D2 /* View */,
				0BB62334209A37E8000374D2 /* Model */,
				0BB62333209A37E1000374D2 /* Controller */,
				0BB62321209A3287000374D2 /* AppDelegate.swift */,
				0BB62325209A3287000374D2 /* Main.storyboard */,
				0BB62328209A3289000374D2 /* Assets.xcassets */,
				0BB6232A209A3289000374D2 /* LaunchScreen.storyboard */,
				0BB6232D209A3289000374D2 /* Info.plist */,
			);
			path = "coder-swag";
			sourceTree = "<group>";
		};
		0BB62333209A37E1000374D2 /* Controller */ = {
			isa = PBXGroup;
			children = (
				0BB62323209A3287000374D2 /* CategoriesVC.swift */,
				0B3907EB20A31FDA00F0D740 /* ProductsVC.swift */,
			);
			path = Controller;
			sourceTree = "<group>";
		};
		0BB62334209A37E8000374D2 /* Model */ = {
			isa = PBXGroup;
			children = (
				0BB62338209B65F0000374D2 /* Category.swift */,
				0B3907E920A31AF600F0D740 /* Product.swift */,
			);
			path = Model;
			sourceTree = "<group>";
		};
		0BB62335209A37F0000374D2 /* View */ = {
			isa = PBXGroup;
			children = (
				0BB62336209A3865000374D2 /* CategoryCell.swift */,
				0B3E11EF20A1FFFB00C68629 /* ProductCell.swift */,
			);
			path = View;
			sourceTree = "<group>";
		};
		0BB6233A209B66E8000374D2 /* Services */ = {
			isa = PBXGroup;
			children = (
				0BB6233B209B66FA000374D2 /* DataService.swift */,
			);
			path = Services;
			sourceTree = "<group>";
		};
/* End PBXGroup section */

/* Begin PBXNativeTarget section */
		0BB6231D209A3287000374D2 /* coder-swag */ = {
			isa = PBXNativeTarget;
			buildConfigurationList = 0BB62330209A3289000374D2 /* Build configuration list for PBXNativeTarget "coder-swag" */;
			buildPhases = (
				0BB6231A209A3287000374D2 /* Sources */,
				0BB6231B209A3287000374D2 /* Frameworks */,
				0BB6231C209A3287000374D2 /* Resources */,
			);
			buildRules = (
			);
			dependencies = (
			);
			name = "coder-swag";
			productName = "coder-swag";
			productReference = 0BB6231E209A3287000374D2 /* coder-swag.app */;
			productType = "com.apple.product-type.application";
		};
/* End PBXNativeTarget section */

/* Begin PBXProject section */
		0BB62316209A3287000374D2 /* Project object */ = {
			isa = PBXProject;
			attributes = {
				LastSwiftUpdateCheck = 0930;
				LastUpgradeCheck = 0930;
				ORGANIZATIONNAME = muhyunkim;
				TargetAttributes = {
					0BB6231D209A3287000374D2 = {
						CreatedOnToolsVersion = 9.3;
					};
				};
			};
			buildConfigurationList = 0BB62319209A3287000374D2 /* Build configuration list for PBXProject "coder-swag" */;
			compatibilityVersion = "Xcode 9.3";
			developmentRegion = en;
			hasScannedForEncodings = 0;
			knownRegions = (
				en,
				Base,
			);
			mainGroup = 0BB62315209A3287000374D2;
			productRefGroup = 0BB6231F209A3287000374D2 /* Products */;
			projectDirPath = "";
			projectRoot = "";
			targets = (
				0BB6231D209A3287000374D2 /* coder-swag */,
			);
		};
/* End PBXProject section */

/* Begin PBXResourcesBuildPhase section */
		0BB6231C209A3287000374D2 /* Resources */ = {
			isa = PBXResourcesBuildPhase;
			buildActionMask = 2147483647;
			files = (
				0BB6232C209A3289000374D2 /* LaunchScreen.storyboard in Resources */,
				0BB62329209A3289000374D2 /* Assets.xcassets in Resources */,
				0BB62327209A3287000374D2 /* Main.storyboard in Resources */,
			);
			runOnlyForDeploymentPostprocessing = 0;
		};
/* End PBXResourcesBuildPhase section */

/* Begin PBXSourcesBuildPhase section */
		0BB6231A209A3287000374D2 /* Sources */ = {
			isa = PBXSourcesBuildPhase;
			buildActionMask = 2147483647;
			files = (
				0B3907EC20A31FDA00F0D740 /* ProductsVC.swift in Sources */,
				0BB62324209A3287000374D2 /* CategoriesVC.swift in Sources */,
				0BB62322209A3287000374D2 /* AppDelegate.swift in Sources */,
				0BB62337209A3865000374D2 /* CategoryCell.swift in Sources */,
				0B3E11F020A1FFFB00C68629 /* ProductCell.swift in Sources */,
				0BB62339209B65F0000374D2 /* Category.swift in Sources */,
				0BB6233C209B66FA000374D2 /* DataService.swift in Sources */,
				0B3907EA20A31AF600F0D740 /* Product.swift in Sources */,
			);
			runOnlyForDeploymentPostprocessing = 0;
		};
/* End PBXSourcesBuildPhase section */

/* Begin PBXVariantGroup section */
		0BB62325209A3287000374D2 /* Main.storyboard */ = {
			isa = PBXVariantGroup;
			children = (
				0BB62326209A3287000374D2 /* Base */,
			);
			name = Main.storyboard;
			sourceTree = "<group>";
		};
		0BB6232A209A3289000374D2 /* LaunchScreen.storyboard */ = {
			isa = PBXVariantGroup;
			children = (
				0BB6232B209A3289000374D2 /* Base */,
			);
			name = LaunchScreen.storyboard;
			sourceTree = "<group>";
		};
/* End PBXVariantGroup section */

/* Begin XCBuildConfiguration section */
		0BB6232E209A3289000374D2 /* Debug */ = {
			isa = XCBuildConfiguration;
			buildSettings = {
				ALWAYS_SEARCH_USER_PATHS = NO;
				CLANG_ANALYZER_NONNULL = YES;
				CLANG_ANALYZER_NUMBER_OBJECT_CONVERSION = YES_AGGRESSIVE;
				CLANG_CXX_LANGUAGE_STANDARD = "gnu++14";
				CLANG_CXX_LIBRARY = "libc++";
				CLANG_ENABLE_MODULES = YES;
				CLANG_ENABLE_OBJC_ARC = YES;
				CLANG_ENABLE_OBJC_WEAK = YES;
				CLANG_WARN_BLOCK_CAPTURE_AUTORELEASING = YES;
				CLANG_WARN_BOOL_CONVERSION = YES;
				CLANG_WARN_COMMA = YES;
				CLANG_WARN_CONSTANT_CONVERSION = YES;
				CLANG_WARN_DEPRECATED_OBJC_IMPLEMENTATIONS = YES;
				CLANG_WARN_DIRECT_OBJC_ISA_USAGE = YES_ERROR;
				CLANG_WARN_DOCUMENTATION_COMMENTS = YES;
				CLANG_WARN_EMPTY_BODY = YES;
				CLANG_WARN_ENUM_CONVERSION = YES;
				CLANG_WARN_INFINITE_RECURSION = YES;
				CLANG_WARN_INT_CONVERSION = YES;
				CLANG_WARN_NON_LITERAL_NULL_CONVERSION = YES;
				CLANG_WARN_OBJC_IMPLICIT_RETAIN_SELF = YES;
				CLANG_WARN_OBJC_LITERAL_CONVERSION = YES;
				CLANG_WARN_OBJC_ROOT_CLASS = YES_ERROR;
				CLANG_WARN_RANGE_LOOP_ANALYSIS = YES;
				CLANG_WARN_STRICT_PROTOTYPES = YES;
				CLANG_WARN_SUSPICIOUS_MOVE = YES;
				CLANG_WARN_UNGUARDED_AVAILABILITY = YES_AGGRESSIVE;
				CLANG_WARN_UNREACHABLE_CODE = YES;
				CLANG_WARN__DUPLICATE_METHOD_MATCH = YES;
				CODE_SIGN_IDENTITY = "iPhone Developer";
				COPY_PHASE_STRIP = NO;
				DEBUG_INFORMATION_FORMAT = dwarf;
				ENABLE_STRICT_OBJC_MSGSEND = YES;
				ENABLE_TESTABILITY = YES;
				GCC_C_LANGUAGE_STANDARD = gnu11;
				GCC_DYNAMIC_NO_PIC = NO;
				GCC_NO_COMMON_BLOCKS = YES;
				GCC_OPTIMIZATION_LEVEL = 0;
				GCC_PREPROCESSOR_DEFINITIONS = (
					"DEBUG=1",
					"$(inherited)",
				);
				GCC_WARN_64_TO_32_BIT_CONVERSION = YES;
				GCC_WARN_ABOUT_RETURN_TYPE = YES_ERROR;
				GCC_WARN_UNDECLARED_SELECTOR = YES;
				GCC_WARN_UNINITIALIZED_AUTOS = YES_AGGRESSIVE;
				GCC_WARN_UNUSED_FUNCTION = YES;
				GCC_WARN_UNUSED_VARIABLE = YES;
				IPHONEOS_DEPLOYMENT_TARGET = 11.3;
				MTL_ENABLE_DEBUG_INFO = YES;
				ONLY_ACTIVE_ARCH = YES;
				SDKROOT = iphoneos;
				SWIFT_ACTIVE_COMPILATION_CONDITIONS = DEBUG;
				SWIFT_OPTIMIZATION_LEVEL = "-Onone";
			};
			name = Debug;
		};
		0BB6232F209A3289000374D2 /* Release */ = {
			isa = XCBuildConfiguration;
			buildSettings = {
				ALWAYS_SEARCH_USER_PATHS = NO;
				CLANG_ANALYZER_NONNULL = YES;
				CLANG_ANALYZER_NUMBER_OBJECT_CONVERSION = YES_AGGRESSIVE;
				CLANG_CXX_LANGUAGE_STANDARD = "gnu++14";
				CLANG_CXX_LIBRARY = "libc++";
				CLANG_ENABLE_MODULES = YES;
				CLANG_ENABLE_OBJC_ARC = YES;
				CLANG_ENABLE_OBJC_WEAK = YES;
				CLANG_WARN_BLOCK_CAPTURE_AUTORELEASING = YES;
				CLANG_WARN_BOOL_CONVERSION = YES;
				CLANG_WARN_COMMA = YES;
				CLANG_WARN_CONSTANT_CONVERSION = YES;
				CLANG_WARN_DEPRECATED_OBJC_IMPLEMENTATIONS = YES;
				CLANG_WARN_DIRECT_OBJC_ISA_USAGE = YES_ERROR;
				CLANG_WARN_DOCUMENTATION_COMMENTS = YES;
				CLANG_WARN_EMPTY_BODY = YES;
				CLANG_WARN_ENUM_CONVERSION = YES;
				CLANG_WARN_INFINITE_RECURSION = YES;
				CLANG_WARN_INT_CONVERSION = YES;
				CLANG_WARN_NON_LITERAL_NULL_CONVERSION = YES;
				CLANG_WARN_OBJC_IMPLICIT_RETAIN_SELF = YES;
				CLANG_WARN_OBJC_LITERAL_CONVERSION = YES;
				CLANG_WARN_OBJC_ROOT_CLASS = YES_ERROR;
				CLANG_WARN_RANGE_LOOP_ANALYSIS = YES;
				CLANG_WARN_STRICT_PROTOTYPES = YES;
				CLANG_WARN_SUSPICIOUS_MOVE = YES;
				CLANG_WARN_UNGUARDED_AVAILABILITY = YES_AGGRESSIVE;
				CLANG_WARN_UNREACHABLE_CODE = YES;
				CLANG_WARN__DUPLICATE_METHOD_MATCH = YES;
				CODE_SIGN_IDENTITY = "iPhone Developer";
				COPY_PHASE_STRIP = NO;
				DEBUG_INFORMATION_FORMAT = "dwarf-with-dsym";
				ENABLE_NS_ASSERTIONS = NO;
				ENABLE_STRICT_OBJC_MSGSEND = YES;
				GCC_C_LANGUAGE_STANDARD = gnu11;
				GCC_NO_COMMON_BLOCKS = YES;
				GCC_WARN_64_TO_32_BIT_CONVERSION = YES;
				GCC_WARN_ABOUT_RETURN_TYPE = YES_ERROR;
				GCC_WARN_UNDECLARED_SELECTOR = YES;
				GCC_WARN_UNINITIALIZED_AUTOS = YES_AGGRESSIVE;
				GCC_WARN_UNUSED_FUNCTION = YES;
				GCC_WARN_UNUSED_VARIABLE = YES;
				IPHONEOS_DEPLOYMENT_TARGET = 11.3;
				MTL_ENABLE_DEBUG_INFO = NO;
				SDKROOT = iphoneos;
				SWIFT_COMPILATION_MODE = wholemodule;
				SWIFT_OPTIMIZATION_LEVEL = "-O";
				VALIDATE_PRODUCT = YES;
			};
			name = Release;
		};
		0BB62331209A3289000374D2 /* Debug */ = {
			isa = XCBuildConfiguration;
			buildSettings = {
				ASSETCATALOG_COMPILER_APPICON_NAME = AppIcon;
				CODE_SIGN_STYLE = Automatic;
				DEVELOPMENT_TEAM = J82B469879;
				INFOPLIST_FILE = "coder-swag/Info.plist";
				LD_RUNPATH_SEARCH_PATHS = (
					"$(inherited)",
					"@executable_path/Frameworks",
				);
				PRODUCT_BUNDLE_IDENTIFIER = "kr.cookieapps.coder-swag";
				PRODUCT_NAME = "$(TARGET_NAME)";
				SWIFT_VERSION = 4.0;
				TARGETED_DEVICE_FAMILY = "1,2";
			};
			name = Debug;
		};
		0BB62332209A3289000374D2 /* Release */ = {
			isa = XCBuildConfiguration;
			buildSettings = {
				ASSETCATALOG_COMPILER_APPICON_NAME = AppIcon;
				CODE_SIGN_STYLE = Automatic;
				DEVELOPMENT_TEAM = J82B469879;
				INFOPLIST_FILE = "coder-swag/Info.plist";
				LD_RUNPATH_SEARCH_PATHS = (
					"$(inherited)",
					"@executable_path/Frameworks",
				);
				PRODUCT_BUNDLE_IDENTIFIER = "kr.cookieapps.coder-swag";
				PRODUCT_NAME = "$(TARGET_NAME)";
				SWIFT_VERSION = 4.0;
				TARGETED_DEVICE_FAMILY = "1,2";
			};
			name = Release;
		};
/* End XCBuildConfiguration section */

/* Begin XCConfigurationList section */
		0BB62319209A3287000374D2 /* Build configuration list for PBXProject "coder-swag" */ = {
			isa = XCConfigurationList;
			buildConfigurations = (
				0BB6232E209A3289000374D2 /* Debug */,
				0BB6232F209A3289000374D2 /* Release */,
			);
			defaultConfigurationIsVisible = 0;
			defaultConfigurationName = Release;
		};
		0BB62330209A3289000374D2 /* Build configuration list for PBXNativeTarget "coder-swag" */ = {
			isa = XCConfigurationList;
			buildConfigurations = (
				0BB62331209A3289000374D2 /* Debug */,
				0BB62332209A3289000374D2 /* Release */,
			);
			defaultConfigurationIsVisible = 0;
			defaultConfigurationName = Release;
		};
/* End XCConfigurationList section */
	};
	rootObject = 0BB62316209A3287000374D2 /* Project object */;
}
